PODS:
  - Alamofire (5.7.1)
  - HandyJSON (5.0.2)
  - Lemons (0.0.7)
  - lottie-ios (4.2.0)
  - MBProgressHUD (1.2.0)
  - Moya (15.0.0):
    - Moya/Core (= 15.0.0)
  - Moya/Core (15.0.0):
    - Alamofire (~> 5.0)
  - RxCocoa (6.5.0):
    - RxRelay (= 6.5.0)
    - RxSwift (= 6.5.0)
  - RxNetworks (0.4.1):
    - RxNetworks/HandyJSON (= 0.4.1)
    - RxNetworks/MoyaNetwork (= 0.4.1)
    - RxNetworks/MoyaPlugins (= 0.4.1)
    - RxNetworks/RxSwift (= 0.4.1)
  - RxNetworks/HandyJSON (0.4.1):
    - HandyJSON
    - RxSwift
  - RxNetworks/MoyaNetwork (0.4.1):
    - Moya
  - RxNetworks/MoyaPlugins (0.4.1):
    - RxNetworks/MoyaPlugins/AnimatedLoading (= 0.4.1)
    - RxNetworks/MoyaPlugins/Cache (= 0.4.1)
    - RxNetworks/MoyaPlugins/Debugging (= 0.4.1)
    - RxNetworks/MoyaPlugins/GZip (= 0.4.1)
    - RxNetworks/MoyaPlugins/Indicator (= 0.4.1)
    - RxNetworks/MoyaPlugins/Loading (= 0.4.1)
    - RxNetworks/MoyaPlugins/Warning (= 0.4.1)
  - RxNetworks/MoyaPlugins/AnimatedLoading (0.4.1):
    - lottie-ios
    - RxNetworks/MoyaNetwork
  - RxNetworks/MoyaPlugins/Cache (0.4.1):
    - Lemons
    - RxNetworks/MoyaNetwork
  - RxNetworks/MoyaPlugins/Debugging (0.4.1):
    - RxNetworks/MoyaNetwork
  - RxNetworks/MoyaPlugins/GZip (0.4.1):
    - RxNetworks/MoyaNetwork
  - RxNetworks/MoyaPlugins/Indicator (0.4.1):
    - RxNetworks/MoyaNetwork
  - RxNetworks/MoyaPlugins/Loading (0.4.1):
    - MBProgressHUD
    - RxNetworks/MoyaNetwork
  - RxNetworks/MoyaPlugins/Warning (0.4.1):
    - RxNetworks/MoyaNetwork
    - Toast-Swift
  - RxNetworks/RxSwift (0.4.1):
    - RxNetworks/MoyaNetwork
    - RxSwift
  - RxRelay (6.5.0):
    - RxSwift (= 6.5.0)
  - RxSwift (6.5.0)
  - Toast-Swift (5.0.1)

DEPENDENCIES:
  - RxCocoa
  - RxNetworks (from `./`)
  - RxNetworks/HandyJSON (from `./`)
  - RxNetworks/MoyaPlugins (from `./`)
  - RxNetworks/RxSwift (from `./`)

SPEC REPOS:
  trunk:
    - Alamofire
    - HandyJSON
    - Lemons
    - lottie-ios
    - MBProgressHUD
    - Moya
    - RxCocoa
    - RxRelay
    - RxSwift
    - Toast-Swift

EXTERNAL SOURCES:
  RxNetworks:
    :path: "./"

SPEC CHECKSUMS:
  Alamofire: 0123a34370cb170936ae79a8df46cc62b2edeb88
  HandyJSON: 9e4e236f5d2dbefad5155a77417bbea438201c03
  Lemons: c7d7a9171f510b0cddee4d836bbc43cb9d783224
  lottie-ios: 809ecf2d460ed650a6aed7aa88b2ec45fab4779c
  MBProgressHUD: 3ee5efcc380f6a79a7cc9b363dd669c5e1ae7406
  Moya: 138f0573e53411fb3dc17016add0b748dfbd78ee
  RxCocoa: 94f817b71c07517321eb4f9ad299112ca8af743b
  RxNetworks: 49dda104e514b94de221b50280e1f8d10142fa25
  RxRelay: 1de1523e604c72b6c68feadedd1af3b1b4d0ecbd
  RxSwift: 5710a9e6b17f3c3d6e40d6e559b9fa1e813b2ef8
  Toast-Swift: 9b6a70f28b3bf0b96c40d46c0c4b9d6639846711

PODFILE CHECKSUM: 2ddb8fd4d3a2b924e147d87abb58956c969633fa

COCOAPODS: 1.12.1
