PODS:
  - Alamofire (5.5.0)
  - HandyJSON (5.0.2)
  - MBProgressHUD (1.2.0)
  - Moya (15.0.0):
    - Moya/Core (= 15.0.0)
  - Moya/Core (15.0.0):
    - Alamofire (~> 5.0)
  - RxNetworks (0.2.3):
    - RxNetworks/HandyJSON (= 0.2.3)
    - RxNetworks/MoyaNetwork (= 0.2.3)
    - RxNetworks/MoyaPlugins (= 0.2.3)
    - RxNetworks/RxSwift (= 0.2.3)
  - RxNetworks/HandyJSON (0.2.3):
    - HandyJSON
    - RxSwift
  - RxNetworks/MoyaNetwork (0.2.3):
    - Moya
  - RxNetworks/MoyaPlugins (0.2.3):
    - RxNetworks/MoyaPlugins/Cache (= 0.2.3)
    - RxNetworks/MoyaPlugins/Debugging (= 0.2.3)
    - RxNetworks/MoyaPlugins/GZip (= 0.2.3)
    - RxNetworks/MoyaPlugins/Indicator (= 0.2.3)
    - RxNetworks/MoyaPlugins/Loading (= 0.2.3)
    - RxNetworks/MoyaPlugins/Warning (= 0.2.3)
  - RxNetworks/MoyaPlugins/Cache (0.2.3):
    - RxNetworks/MoyaNetwork
    - YYCache
  - RxNetworks/MoyaPlugins/Debugging (0.2.3):
    - RxNetworks/MoyaNetwork
  - RxNetworks/MoyaPlugins/GZip (0.2.3):
    - RxNetworks/MoyaNetwork
  - RxNetworks/MoyaPlugins/Indicator (0.2.3):
    - RxNetworks/MoyaNetwork
  - RxNetworks/MoyaPlugins/Loading (0.2.3):
    - MBProgressHUD
    - RxNetworks/MoyaNetwork
  - RxNetworks/MoyaPlugins/Warning (0.2.3):
    - RxNetworks/MoyaNetwork
    - Toast-Swift
  - RxNetworks/RxSwift (0.2.3):
    - RxNetworks/MoyaNetwork
    - RxSwift
  - RxSwift (6.5.0)
  - Toast-Swift (5.0.1)
  - YYCache (1.0.4)

DEPENDENCIES:
  - RxNetworks (from `./`)

SPEC REPOS:
  trunk:
    - Alamofire
    - HandyJSON
    - MBProgressHUD
    - Moya
    - RxSwift
    - Toast-Swift
    - YYCache

EXTERNAL SOURCES:
  RxNetworks:
    :path: "./"

SPEC CHECKSUMS:
  Alamofire: 1c4fb5369c3fe93d2857c780d8bbe09f06f97e7c
  HandyJSON: 9e4e236f5d2dbefad5155a77417bbea438201c03
  MBProgressHUD: 3ee5efcc380f6a79a7cc9b363dd669c5e1ae7406
  Moya: 138f0573e53411fb3dc17016add0b748dfbd78ee
  RxNetworks: 183f7b90849638c3ea1d0f59459e29021a8e179d
  RxSwift: 5710a9e6b17f3c3d6e40d6e559b9fa1e813b2ef8
  Toast-Swift: 9b6a70f28b3bf0b96c40d46c0c4b9d6639846711
  YYCache: 8105b6638f5e849296c71f331ff83891a4942952

PODFILE CHECKSUM: 010965b287062b782886ad2f70ce9018626d4cca

COCOAPODS: 1.11.3
