PODS:
  - Alamofire (5.8.1)
  - Booming (1.0.2):
    - Booming/Core (= 1.0.2)
  - Booming/Cache (1.0.2):
    - Booming/Core
    - CacheX (~> 1.1.0)
  - Booming/Core (1.0.2):
    - Moya
  - Booming/Debugging (1.0.2):
    - Booming/Core
  - Booming/Files (1.0.2):
    - Booming/Core
  - Booming/GZip (1.0.2):
    - Booming/Core
  - Booming/Header (1.0.2):
    - Booming/Core
  - Booming/Indicator (1.0.2):
    - Booming/Core
  - Booming/Loading (1.0.2):
    - Booming/Core
    - MBProgressHUD
  - Booming/Lottie (1.0.2):
    - Booming/Core
    - lottie-ios
  - Booming/Shared (1.0.2):
    - Booming/Core
  - Booming/Warning (1.0.2):
    - Booming/Core
    - MBProgressHUD
  - CacheX (1.1.0)
  - HandyJSON (5.0.2)
  - lottie-ios (4.4.0)
  - MBProgressHUD (1.2.0)
  - Moya (15.0.0):
    - Moya/Core (= 15.0.0)
  - Moya/Core (15.0.0):
    - Alamofire (~> 5.0)
  - RxCocoa (6.6.0):
    - RxRelay (= 6.6.0)
    - RxSwift (= 6.6.0)
  - RxNetworks (1.0.2):
    - RxNetworks/Core (= 1.0.2)
    - RxNetworks/HandyJSON (= 1.0.2)
    - RxNetworks/Plugins (= 1.0.2)
    - RxNetworks/RxSwift (= 1.0.2)
  - RxNetworks/Core (1.0.2):
    - Booming/Core
  - RxNetworks/HandyJSON (1.0.2):
    - HandyJSON
  - RxNetworks/Plugins (1.0.2):
    - RxNetworks/Plugins/AnimatedLoading (= 1.0.2)
    - RxNetworks/Plugins/Cache (= 1.0.2)
    - RxNetworks/Plugins/Debugging (= 1.0.2)
    - RxNetworks/Plugins/Files (= 1.0.2)
    - RxNetworks/Plugins/GZip (= 1.0.2)
    - RxNetworks/Plugins/Header (= 1.0.2)
    - RxNetworks/Plugins/Indicator (= 1.0.2)
    - RxNetworks/Plugins/Loading (= 1.0.2)
    - RxNetworks/Plugins/Shared (= 1.0.2)
    - RxNetworks/Plugins/Warning (= 1.0.2)
  - RxNetworks/Plugins/AnimatedLoading (1.0.2):
    - Booming/Lottie
  - RxNetworks/Plugins/Cache (1.0.2):
    - Booming/Cache
  - RxNetworks/Plugins/Debugging (1.0.2):
    - Booming/Debugging
  - RxNetworks/Plugins/Files (1.0.2):
    - Booming/Files
  - RxNetworks/Plugins/GZip (1.0.2):
    - Booming/GZip
  - RxNetworks/Plugins/Header (1.0.2):
    - Booming/Header
  - RxNetworks/Plugins/Indicator (1.0.2):
    - Booming/Indicator
  - RxNetworks/Plugins/Loading (1.0.2):
    - Booming/Loading
  - RxNetworks/Plugins/Shared (1.0.2):
    - Booming/Shared
  - RxNetworks/Plugins/Warning (1.0.2):
    - Booming/Warning
  - RxNetworks/RxSwift (1.0.2):
    - RxNetworks/Core
    - RxSwift
  - RxRelay (6.6.0):
    - RxSwift (= 6.6.0)
  - RxSwift (6.6.0)

DEPENDENCIES:
  - Booming (from `./`)
  - RxCocoa
  - RxNetworks (from `./`)

SPEC REPOS:
  trunk:
    - Alamofire
    - CacheX
    - HandyJSON
    - lottie-ios
    - MBProgressHUD
    - Moya
    - RxCocoa
    - RxRelay
    - RxSwift

EXTERNAL SOURCES:
  Booming:
    :path: "./"
  RxNetworks:
    :path: "./"

SPEC CHECKSUMS:
  Alamofire: 3ca42e259043ee0dc5c0cdd76c4bc568b8e42af7
  Booming: 65aca14fb2c6c291fff07bf967d6a31da6ac09f7
  CacheX: 8db0e9d17717600be0b5c34bde7bc7522dbd9a3a
  HandyJSON: 9e4e236f5d2dbefad5155a77417bbea438201c03
  lottie-ios: ef1be1f90d54255f08e09d767950e43714661178
  MBProgressHUD: 3ee5efcc380f6a79a7cc9b363dd669c5e1ae7406
  Moya: 138f0573e53411fb3dc17016add0b748dfbd78ee
  RxCocoa: 44a80de90e25b739b5aeaae3c8c371a32e3343cc
  RxNetworks: e634a349d7a8db631415961521e28a13f98216fb
  RxRelay: 45eaa5db8ee4fb50e5ebd57deec0159e97fa51e6
  RxSwift: a4b44f7d24599f674deebd1818eab82e58410632

PODFILE CHECKSUM: 6678097f0ab144d51f8d45fc58e05e04ca7f3a29

COCOAPODS: 1.14.3
