// !$*UTF8*$!
{
	archiveVersion = 1;
	classes = {
	};
	objectVersion = 46;
	objects = {

/* Begin PBXBuildFile section */
		0423350E278E61DE00547494 /* CacheViewModel.swift in Sources */ = {isa = PBXBuildFile; fileRef = 04233502278E61DE00547494 /* CacheViewModel.swift */; };
		0423350F278E61DE00547494 /* CacheViewController.swift in Sources */ = {isa = PBXBuildFile; fileRef = 04233503278E61DE00547494 /* CacheViewController.swift */; };
		04233510278E61DE00547494 /* CacheAPI.swift in Sources */ = {isa = PBXBuildFile; fileRef = 04233504278E61DE00547494 /* CacheAPI.swift */; };
		04233511278E61DE00547494 /* CacheModel.swift in Sources */ = {isa = PBXBuildFile; fileRef = 04233505278E61DE00547494 /* CacheModel.swift */; };
		04233512278E61DE00547494 /* LoadingAPI.swift in Sources */ = {isa = PBXBuildFile; fileRef = 04233507278E61DE00547494 /* LoadingAPI.swift */; };
		04233513278E61DE00547494 /* LoadingViewModel.swift in Sources */ = {isa = PBXBuildFile; fileRef = 04233508278E61DE00547494 /* LoadingViewModel.swift */; };
		04233514278E61DE00547494 /* LoadingViewController.swift in Sources */ = {isa = PBXBuildFile; fileRef = 04233509278E61DE00547494 /* LoadingViewController.swift */; };
		04233515278E61DE00547494 /* OOViewModel.swift in Sources */ = {isa = PBXBuildFile; fileRef = 0423350B278E61DE00547494 /* OOViewModel.swift */; };
		04233516278E61DE00547494 /* OOViewController.swift in Sources */ = {isa = PBXBuildFile; fileRef = 0423350C278E61DE00547494 /* OOViewController.swift */; };
		04233519278E620D00547494 /* README_CN.md in Resources */ = {isa = PBXBuildFile; fileRef = 04233518278E620D00547494 /* README_CN.md */; };
		0423351B278E622400547494 /* README.md in Resources */ = {isa = PBXBuildFile; fileRef = 0423351A278E622400547494 /* README.md */; };
		0442C89F2791E9E500AB04DB /* ChainViewModel.swift in Sources */ = {isa = PBXBuildFile; fileRef = 0442C89C2791E9E500AB04DB /* ChainViewModel.swift */; };
		0442C8A02791E9E500AB04DB /* ChainViewController.swift in Sources */ = {isa = PBXBuildFile; fileRef = 0442C89D2791E9E500AB04DB /* ChainViewController.swift */; };
		0442C8A12791E9E500AB04DB /* ChainAPI.swift in Sources */ = {isa = PBXBuildFile; fileRef = 0442C89E2791E9E500AB04DB /* ChainAPI.swift */; };
		04BB29B4279911DD0056F94A /* WarningAPI.swift in Sources */ = {isa = PBXBuildFile; fileRef = 04BB29B1279911DC0056F94A /* WarningAPI.swift */; };
		04BB29B5279911DD0056F94A /* WarningViewModel.swift in Sources */ = {isa = PBXBuildFile; fileRef = 04BB29B2279911DC0056F94A /* WarningViewModel.swift */; };
		04BB29B6279911DD0056F94A /* WarningViewController.swift in Sources */ = {isa = PBXBuildFile; fileRef = 04BB29B3279911DD0056F94A /* WarningViewController.swift */; };
		04C04F302792A69400E85B6B /* BatchAPI.swift in Sources */ = {isa = PBXBuildFile; fileRef = 04C04F2D2792A69400E85B6B /* BatchAPI.swift */; };
		04C04F312792A69400E85B6B /* BatchViewController.swift in Sources */ = {isa = PBXBuildFile; fileRef = 04C04F2E2792A69400E85B6B /* BatchViewController.swift */; };
		04C04F322792A69400E85B6B /* BatchViewModel.swift in Sources */ = {isa = PBXBuildFile; fileRef = 04C04F2F2792A69400E85B6B /* BatchViewModel.swift */; };
		04C05417278D66F0008BCC42 /* HomeViewModel.swift in Sources */ = {isa = PBXBuildFile; fileRef = 04C05416278D66F0008BCC42 /* HomeViewModel.swift */; };
		04C05420278D6A49008BCC42 /* BaseViewController.swift in Sources */ = {isa = PBXBuildFile; fileRef = 04C0541F278D6A49008BCC42 /* BaseViewController.swift */; };
		04F0A887279A465C008534D8 /* GZipViewModel.swift in Sources */ = {isa = PBXBuildFile; fileRef = 04F0A884279A465C008534D8 /* GZipViewModel.swift */; };
		04F0A888279A465C008534D8 /* GZipViewController.swift in Sources */ = {isa = PBXBuildFile; fileRef = 04F0A885279A465C008534D8 /* GZipViewController.swift */; };
		04F0A889279A465C008534D8 /* GZipAPI.swift in Sources */ = {isa = PBXBuildFile; fileRef = 04F0A886279A465C008534D8 /* GZipAPI.swift */; };
		36ADE5ADE90CB24F23D9B8B5 /* Pods_RxNetworks_Example.framework in Frameworks */ = {isa = PBXBuildFile; fileRef = 98F08FBE2C4FF0E3FC645118 /* Pods_RxNetworks_Example.framework */; };
		42264D3F2B56DE620044051D /* OAuthentication.swift in Sources */ = {isa = PBXBuildFile; fileRef = 42264D3D2B56DE620044051D /* OAuthentication.swift */; };
		42264D402B56DE620044051D /* OAuthenticator.swift in Sources */ = {isa = PBXBuildFile; fileRef = 42264D3E2B56DE620044051D /* OAuthenticator.swift */; };
		607FACD61AFB9204008FA782 /* AppDelegate.swift in Sources */ = {isa = PBXBuildFile; fileRef = 607FACD51AFB9204008FA782 /* AppDelegate.swift */; };
		607FACD81AFB9204008FA782 /* HomeViewController.swift in Sources */ = {isa = PBXBuildFile; fileRef = 607FACD71AFB9204008FA782 /* HomeViewController.swift */; };
		607FACDB1AFB9204008FA782 /* Main.storyboard in Resources */ = {isa = PBXBuildFile; fileRef = 607FACD91AFB9204008FA782 /* Main.storyboard */; };
		607FACDD1AFB9204008FA782 /* Images.xcassets in Resources */ = {isa = PBXBuildFile; fileRef = 607FACDC1AFB9204008FA782 /* Images.xcassets */; };
		607FACE01AFB9204008FA782 /* LaunchScreen.xib in Resources */ = {isa = PBXBuildFile; fileRef = 607FACDE1AFB9204008FA782 /* LaunchScreen.xib */; };
		6817A39627A022AC0034F283 /* Color.xcassets in Resources */ = {isa = PBXBuildFile; fileRef = 6817A39527A022AC0034F283 /* Color.xcassets */; };
		8707F02C29EE8FC80060C94B /* AnimatedLoadingViewController.swift in Sources */ = {isa = PBXBuildFile; fileRef = 8707F02929EE8FC70060C94B /* AnimatedLoadingViewController.swift */; };
		8707F02D29EE8FC80060C94B /* AnimatedLoadingAPI.swift in Sources */ = {isa = PBXBuildFile; fileRef = 8707F02A29EE8FC70060C94B /* AnimatedLoadingAPI.swift */; };
		8707F02E29EE8FC80060C94B /* AnimatedLoadingViewModel.swift in Sources */ = {isa = PBXBuildFile; fileRef = 8707F02B29EE8FC70060C94B /* AnimatedLoadingViewModel.swift */; };
		87124A862A13243C0049CAC6 /* ClosureViewController.swift in Sources */ = {isa = PBXBuildFile; fileRef = 87124A832A13243C0049CAC6 /* ClosureViewController.swift */; };
		87124A872A13243C0049CAC6 /* ClosureViewModel.swift in Sources */ = {isa = PBXBuildFile; fileRef = 87124A842A13243C0049CAC6 /* ClosureViewModel.swift */; };
		87124A882A13243C0049CAC6 /* ClosureAPI.swift in Sources */ = {isa = PBXBuildFile; fileRef = 87124A852A13243C0049CAC6 /* ClosureAPI.swift */; };
		87124A8D2A1324470049CAC6 /* TokenViewModel.swift in Sources */ = {isa = PBXBuildFile; fileRef = 87124A8A2A1324470049CAC6 /* TokenViewModel.swift */; };
		87124A8E2A1324470049CAC6 /* TokenViewController.swift in Sources */ = {isa = PBXBuildFile; fileRef = 87124A8B2A1324470049CAC6 /* TokenViewController.swift */; };
		87124A8F2A1324470049CAC6 /* TokenAPI.swift in Sources */ = {isa = PBXBuildFile; fileRef = 87124A8C2A1324470049CAC6 /* TokenAPI.swift */; };
		871870A52A4C17A0008FFE6B /* SharedViewController.swift in Sources */ = {isa = PBXBuildFile; fileRef = 871870A22A4C17A0008FFE6B /* SharedViewController.swift */; };
		871870A62A4C17A0008FFE6B /* SharedViewModel.swift in Sources */ = {isa = PBXBuildFile; fileRef = 871870A32A4C17A0008FFE6B /* SharedViewModel.swift */; };
		871870A72A4C17A0008FFE6B /* SharedAPI.swift in Sources */ = {isa = PBXBuildFile; fileRef = 871870A42A4C17A0008FFE6B /* SharedAPI.swift */; };
		871E4E0C2A0CCB760061BE14 /* AMList.json in Resources */ = {isa = PBXBuildFile; fileRef = 871E4E0B2A0CCB760061BE14 /* AMList.json */; };
		872C0DBC2AB3052200D17DA8 /* CODE_OF_CONDUCT.md in Resources */ = {isa = PBXBuildFile; fileRef = 872C0DBB2AB3052200D17DA8 /* CODE_OF_CONDUCT.md */; };
		8731BD922AE119580088DDCC /* DownloadViewController.swift in Sources */ = {isa = PBXBuildFile; fileRef = 8731BD8F2AE119580088DDCC /* DownloadViewController.swift */; };
		8731BD932AE119580088DDCC /* DownloadViewModel.swift in Sources */ = {isa = PBXBuildFile; fileRef = 8731BD902AE119580088DDCC /* DownloadViewModel.swift */; };
		8731BD942AE119580088DDCC /* DownloadAPI.swift in Sources */ = {isa = PBXBuildFile; fileRef = 8731BD912AE119580088DDCC /* DownloadAPI.swift */; };
		873B1F872C09AA1C00812279 /* Codable.json in Resources */ = {isa = PBXBuildFile; fileRef = 873B1F812C09AA1C00812279 /* Codable.json */; };
		873B1F882C09AA1C00812279 /* CodableAPI.swift in Sources */ = {isa = PBXBuildFile; fileRef = 873B1F822C09AA1C00812279 /* CodableAPI.swift */; };
		873B1F892C09AA1C00812279 /* CodableViewController.swift in Sources */ = {isa = PBXBuildFile; fileRef = 873B1F832C09AA1C00812279 /* CodableViewController.swift */; };
		873B1F8A2C09AA1C00812279 /* CodableViewModel.swift in Sources */ = {isa = PBXBuildFile; fileRef = 873B1F842C09AA1C00812279 /* CodableViewModel.swift */; };
		873B1F8B2C09AA1C00812279 /* CodeableModel.swift in Sources */ = {isa = PBXBuildFile; fileRef = 873B1F852C09AA1C00812279 /* CodeableModel.swift */; };
		874BB9CE2A121A2700C9DA33 /* TokenPlugin.swift in Sources */ = {isa = PBXBuildFile; fileRef = 874BB9CD2A121A2700C9DA33 /* TokenPlugin.swift */; };
		874BB9D02A121BA000C9DA33 /* UserDefaults.swift in Sources */ = {isa = PBXBuildFile; fileRef = 874BB9CF2A121BA000C9DA33 /* UserDefaults.swift */; };
		8759D02A28B328E500C22107 /* AuthPlugin.swift in Sources */ = {isa = PBXBuildFile; fileRef = 8759D02928B328E500C22107 /* AuthPlugin.swift */; };
		876E046729EE35F500A7CF1C /* testLoading.json in Resources */ = {isa = PBXBuildFile; fileRef = 876E046629EE35F500A7CF1C /* testLoading.json */; };
		87E9B23F2B70B3D100B0012C /* RxNetworks.podspec in Resources */ = {isa = PBXBuildFile; fileRef = 87E9B23D2B70B3D100B0012C /* RxNetworks.podspec */; };
		87E9B2402B70B3D100B0012C /* Booming.podspec in Resources */ = {isa = PBXBuildFile; fileRef = 87E9B23E2B70B3D100B0012C /* Booming.podspec */; };
		87EDFCD42B4F8292005F3756 /* LoadingModel.swift in Sources */ = {isa = PBXBuildFile; fileRef = 87EDFCD32B4F8292005F3756 /* LoadingModel.swift */; };
/* End PBXBuildFile section */

/* Begin PBXFileReference section */
		04233502278E61DE00547494 /* CacheViewModel.swift */ = {isa = PBXFileReference; fileEncoding = 4; lastKnownFileType = sourcecode.swift; path = CacheViewModel.swift; sourceTree = "<group>"; };
		04233503278E61DE00547494 /* CacheViewController.swift */ = {isa = PBXFileReference; fileEncoding = 4; lastKnownFileType = sourcecode.swift; path = CacheViewController.swift; sourceTree = "<group>"; };
		04233504278E61DE00547494 /* CacheAPI.swift */ = {isa = PBXFileReference; fileEncoding = 4; lastKnownFileType = sourcecode.swift; path = CacheAPI.swift; sourceTree = "<group>"; };
		04233505278E61DE00547494 /* CacheModel.swift */ = {isa = PBXFileReference; fileEncoding = 4; lastKnownFileType = sourcecode.swift; path = CacheModel.swift; sourceTree = "<group>"; };
		04233507278E61DE00547494 /* LoadingAPI.swift */ = {isa = PBXFileReference; fileEncoding = 4; lastKnownFileType = sourcecode.swift; path = LoadingAPI.swift; sourceTree = "<group>"; };
		04233508278E61DE00547494 /* LoadingViewModel.swift */ = {isa = PBXFileReference; fileEncoding = 4; lastKnownFileType = sourcecode.swift; path = LoadingViewModel.swift; sourceTree = "<group>"; };
		04233509278E61DE00547494 /* LoadingViewController.swift */ = {isa = PBXFileReference; fileEncoding = 4; lastKnownFileType = sourcecode.swift; path = LoadingViewController.swift; sourceTree = "<group>"; };
		0423350B278E61DE00547494 /* OOViewModel.swift */ = {isa = PBXFileReference; fileEncoding = 4; lastKnownFileType = sourcecode.swift; path = OOViewModel.swift; sourceTree = "<group>"; };
		0423350C278E61DE00547494 /* OOViewController.swift */ = {isa = PBXFileReference; fileEncoding = 4; lastKnownFileType = sourcecode.swift; path = OOViewController.swift; sourceTree = "<group>"; };
		04233518278E620D00547494 /* README_CN.md */ = {isa = PBXFileReference; fileEncoding = 4; lastKnownFileType = net.daringfireball.markdown; path = README_CN.md; sourceTree = SOURCE_ROOT; };
		0423351A278E622400547494 /* README.md */ = {isa = PBXFileReference; fileEncoding = 4; lastKnownFileType = net.daringfireball.markdown; path = README.md; sourceTree = SOURCE_ROOT; };
		0442C89C2791E9E500AB04DB /* ChainViewModel.swift */ = {isa = PBXFileReference; fileEncoding = 4; lastKnownFileType = sourcecode.swift; path = ChainViewModel.swift; sourceTree = "<group>"; };
		0442C89D2791E9E500AB04DB /* ChainViewController.swift */ = {isa = PBXFileReference; fileEncoding = 4; lastKnownFileType = sourcecode.swift; path = ChainViewController.swift; sourceTree = "<group>"; };
		0442C89E2791E9E500AB04DB /* ChainAPI.swift */ = {isa = PBXFileReference; fileEncoding = 4; lastKnownFileType = sourcecode.swift; path = ChainAPI.swift; sourceTree = "<group>"; };
		04BB29B1279911DC0056F94A /* WarningAPI.swift */ = {isa = PBXFileReference; fileEncoding = 4; lastKnownFileType = sourcecode.swift; path = WarningAPI.swift; sourceTree = "<group>"; };
		04BB29B2279911DC0056F94A /* WarningViewModel.swift */ = {isa = PBXFileReference; fileEncoding = 4; lastKnownFileType = sourcecode.swift; path = WarningViewModel.swift; sourceTree = "<group>"; };
		04BB29B3279911DD0056F94A /* WarningViewController.swift */ = {isa = PBXFileReference; fileEncoding = 4; lastKnownFileType = sourcecode.swift; path = WarningViewController.swift; sourceTree = "<group>"; };
		04C04F2D2792A69400E85B6B /* BatchAPI.swift */ = {isa = PBXFileReference; fileEncoding = 4; lastKnownFileType = sourcecode.swift; path = BatchAPI.swift; sourceTree = "<group>"; };
		04C04F2E2792A69400E85B6B /* BatchViewController.swift */ = {isa = PBXFileReference; fileEncoding = 4; lastKnownFileType = sourcecode.swift; path = BatchViewController.swift; sourceTree = "<group>"; };
		04C04F2F2792A69400E85B6B /* BatchViewModel.swift */ = {isa = PBXFileReference; fileEncoding = 4; lastKnownFileType = sourcecode.swift; path = BatchViewModel.swift; sourceTree = "<group>"; };
		04C05416278D66F0008BCC42 /* HomeViewModel.swift */ = {isa = PBXFileReference; fileEncoding = 4; lastKnownFileType = sourcecode.swift; path = HomeViewModel.swift; sourceTree = "<group>"; };
		04C0541F278D6A49008BCC42 /* BaseViewController.swift */ = {isa = PBXFileReference; lastKnownFileType = sourcecode.swift; path = BaseViewController.swift; sourceTree = "<group>"; };
		04F0A884279A465C008534D8 /* GZipViewModel.swift */ = {isa = PBXFileReference; fileEncoding = 4; lastKnownFileType = sourcecode.swift; path = GZipViewModel.swift; sourceTree = "<group>"; };
		04F0A885279A465C008534D8 /* GZipViewController.swift */ = {isa = PBXFileReference; fileEncoding = 4; lastKnownFileType = sourcecode.swift; path = GZipViewController.swift; sourceTree = "<group>"; };
		04F0A886279A465C008534D8 /* GZipAPI.swift */ = {isa = PBXFileReference; fileEncoding = 4; lastKnownFileType = sourcecode.swift; path = GZipAPI.swift; sourceTree = "<group>"; };
		42264D3D2B56DE620044051D /* OAuthentication.swift */ = {isa = PBXFileReference; fileEncoding = 4; lastKnownFileType = sourcecode.swift; path = OAuthentication.swift; sourceTree = "<group>"; };
		42264D3E2B56DE620044051D /* OAuthenticator.swift */ = {isa = PBXFileReference; fileEncoding = 4; lastKnownFileType = sourcecode.swift; path = OAuthenticator.swift; sourceTree = "<group>"; };
		607FACD01AFB9204008FA782 /* RxNetworks_Example.app */ = {isa = PBXFileReference; explicitFileType = wrapper.application; includeInIndex = 0; path = RxNetworks_Example.app; sourceTree = BUILT_PRODUCTS_DIR; };
		607FACD41AFB9204008FA782 /* Info.plist */ = {isa = PBXFileReference; lastKnownFileType = text.plist.xml; path = Info.plist; sourceTree = "<group>"; };
		607FACD51AFB9204008FA782 /* AppDelegate.swift */ = {isa = PBXFileReference; lastKnownFileType = sourcecode.swift; path = AppDelegate.swift; sourceTree = "<group>"; };
		607FACD71AFB9204008FA782 /* HomeViewController.swift */ = {isa = PBXFileReference; lastKnownFileType = sourcecode.swift; path = HomeViewController.swift; sourceTree = "<group>"; };
		607FACDA1AFB9204008FA782 /* Base */ = {isa = PBXFileReference; lastKnownFileType = file.storyboard; name = Base; path = Base.lproj/Main.storyboard; sourceTree = "<group>"; };
		607FACDC1AFB9204008FA782 /* Images.xcassets */ = {isa = PBXFileReference; lastKnownFileType = folder.assetcatalog; path = Images.xcassets; sourceTree = "<group>"; };
		607FACDF1AFB9204008FA782 /* Base */ = {isa = PBXFileReference; lastKnownFileType = file.xib; name = Base; path = Base.lproj/LaunchScreen.xib; sourceTree = "<group>"; };
		6817A39527A022AC0034F283 /* Color.xcassets */ = {isa = PBXFileReference; lastKnownFileType = folder.assetcatalog; path = Color.xcassets; sourceTree = "<group>"; };
		728016062553DB205A17A393 /* Pods-RxNetworks_Example.release.xcconfig */ = {isa = PBXFileReference; includeInIndex = 1; lastKnownFileType = text.xcconfig; name = "Pods-RxNetworks_Example.release.xcconfig"; path = "Target Support Files/Pods-RxNetworks_Example/Pods-RxNetworks_Example.release.xcconfig"; sourceTree = "<group>"; };
		8707F02929EE8FC70060C94B /* AnimatedLoadingViewController.swift */ = {isa = PBXFileReference; fileEncoding = 4; lastKnownFileType = sourcecode.swift; path = AnimatedLoadingViewController.swift; sourceTree = "<group>"; };
		8707F02A29EE8FC70060C94B /* AnimatedLoadingAPI.swift */ = {isa = PBXFileReference; fileEncoding = 4; lastKnownFileType = sourcecode.swift; path = AnimatedLoadingAPI.swift; sourceTree = "<group>"; };
		8707F02B29EE8FC70060C94B /* AnimatedLoadingViewModel.swift */ = {isa = PBXFileReference; fileEncoding = 4; lastKnownFileType = sourcecode.swift; path = AnimatedLoadingViewModel.swift; sourceTree = "<group>"; };
		87124A832A13243C0049CAC6 /* ClosureViewController.swift */ = {isa = PBXFileReference; fileEncoding = 4; lastKnownFileType = sourcecode.swift; path = ClosureViewController.swift; sourceTree = "<group>"; };
		87124A842A13243C0049CAC6 /* ClosureViewModel.swift */ = {isa = PBXFileReference; fileEncoding = 4; lastKnownFileType = sourcecode.swift; path = ClosureViewModel.swift; sourceTree = "<group>"; };
		87124A852A13243C0049CAC6 /* ClosureAPI.swift */ = {isa = PBXFileReference; fileEncoding = 4; lastKnownFileType = sourcecode.swift; path = ClosureAPI.swift; sourceTree = "<group>"; };
		87124A8A2A1324470049CAC6 /* TokenViewModel.swift */ = {isa = PBXFileReference; fileEncoding = 4; lastKnownFileType = sourcecode.swift; path = TokenViewModel.swift; sourceTree = "<group>"; };
		87124A8B2A1324470049CAC6 /* TokenViewController.swift */ = {isa = PBXFileReference; fileEncoding = 4; lastKnownFileType = sourcecode.swift; path = TokenViewController.swift; sourceTree = "<group>"; };
		87124A8C2A1324470049CAC6 /* TokenAPI.swift */ = {isa = PBXFileReference; fileEncoding = 4; lastKnownFileType = sourcecode.swift; path = TokenAPI.swift; sourceTree = "<group>"; };
		871870A22A4C17A0008FFE6B /* SharedViewController.swift */ = {isa = PBXFileReference; fileEncoding = 4; lastKnownFileType = sourcecode.swift; path = SharedViewController.swift; sourceTree = "<group>"; };
		871870A32A4C17A0008FFE6B /* SharedViewModel.swift */ = {isa = PBXFileReference; fileEncoding = 4; lastKnownFileType = sourcecode.swift; path = SharedViewModel.swift; sourceTree = "<group>"; };
		871870A42A4C17A0008FFE6B /* SharedAPI.swift */ = {isa = PBXFileReference; fileEncoding = 4; lastKnownFileType = sourcecode.swift; path = SharedAPI.swift; sourceTree = "<group>"; };
		871E4E0B2A0CCB760061BE14 /* AMList.json */ = {isa = PBXFileReference; fileEncoding = 4; lastKnownFileType = text.json; path = AMList.json; sourceTree = "<group>"; };
		872C0DBB2AB3052200D17DA8 /* CODE_OF_CONDUCT.md */ = {isa = PBXFileReference; fileEncoding = 4; lastKnownFileType = net.daringfireball.markdown; path = CODE_OF_CONDUCT.md; sourceTree = SOURCE_ROOT; };
		8731BD8F2AE119580088DDCC /* DownloadViewController.swift */ = {isa = PBXFileReference; fileEncoding = 4; lastKnownFileType = sourcecode.swift; path = DownloadViewController.swift; sourceTree = "<group>"; };
		8731BD902AE119580088DDCC /* DownloadViewModel.swift */ = {isa = PBXFileReference; fileEncoding = 4; lastKnownFileType = sourcecode.swift; path = DownloadViewModel.swift; sourceTree = "<group>"; };
		8731BD912AE119580088DDCC /* DownloadAPI.swift */ = {isa = PBXFileReference; fileEncoding = 4; lastKnownFileType = sourcecode.swift; path = DownloadAPI.swift; sourceTree = "<group>"; };
		873B1F812C09AA1C00812279 /* Codable.json */ = {isa = PBXFileReference; fileEncoding = 4; lastKnownFileType = text.json; path = Codable.json; sourceTree = "<group>"; };
		873B1F822C09AA1C00812279 /* CodableAPI.swift */ = {isa = PBXFileReference; fileEncoding = 4; lastKnownFileType = sourcecode.swift; path = CodableAPI.swift; sourceTree = "<group>"; };
		873B1F832C09AA1C00812279 /* CodableViewController.swift */ = {isa = PBXFileReference; fileEncoding = 4; lastKnownFileType = sourcecode.swift; path = CodableViewController.swift; sourceTree = "<group>"; };
		873B1F842C09AA1C00812279 /* CodableViewModel.swift */ = {isa = PBXFileReference; fileEncoding = 4; lastKnownFileType = sourcecode.swift; path = CodableViewModel.swift; sourceTree = "<group>"; };
		873B1F852C09AA1C00812279 /* CodeableModel.swift */ = {isa = PBXFileReference; fileEncoding = 4; lastKnownFileType = sourcecode.swift; path = CodeableModel.swift; sourceTree = "<group>"; };
		874BB9CD2A121A2700C9DA33 /* TokenPlugin.swift */ = {isa = PBXFileReference; lastKnownFileType = sourcecode.swift; path = TokenPlugin.swift; sourceTree = "<group>"; };
		874BB9CF2A121BA000C9DA33 /* UserDefaults.swift */ = {isa = PBXFileReference; lastKnownFileType = sourcecode.swift; path = UserDefaults.swift; sourceTree = "<group>"; };
		8759D02928B328E500C22107 /* AuthPlugin.swift */ = {isa = PBXFileReference; fileEncoding = 4; lastKnownFileType = sourcecode.swift; path = AuthPlugin.swift; sourceTree = "<group>"; };
		876E046629EE35F500A7CF1C /* testLoading.json */ = {isa = PBXFileReference; fileEncoding = 4; lastKnownFileType = text.json; path = testLoading.json; sourceTree = "<group>"; };
		87E9B23D2B70B3D100B0012C /* RxNetworks.podspec */ = {isa = PBXFileReference; lastKnownFileType = text; path = RxNetworks.podspec; sourceTree = SOURCE_ROOT; xcLanguageSpecificationIdentifier = xcode.lang.ruby; };
		87E9B23E2B70B3D100B0012C /* Booming.podspec */ = {isa = PBXFileReference; lastKnownFileType = text; path = Booming.podspec; sourceTree = SOURCE_ROOT; xcLanguageSpecificationIdentifier = xcode.lang.ruby; };
		87EDFCD32B4F8292005F3756 /* LoadingModel.swift */ = {isa = PBXFileReference; lastKnownFileType = sourcecode.swift; path = LoadingModel.swift; sourceTree = "<group>"; };
		98F08FBE2C4FF0E3FC645118 /* Pods_RxNetworks_Example.framework */ = {isa = PBXFileReference; explicitFileType = wrapper.framework; includeInIndex = 0; path = Pods_RxNetworks_Example.framework; sourceTree = BUILT_PRODUCTS_DIR; };
		F6BA526A7FB7A026947C70BB /* Pods-RxNetworks_Example.debug.xcconfig */ = {isa = PBXFileReference; includeInIndex = 1; lastKnownFileType = text.xcconfig; name = "Pods-RxNetworks_Example.debug.xcconfig"; path = "Target Support Files/Pods-RxNetworks_Example/Pods-RxNetworks_Example.debug.xcconfig"; sourceTree = "<group>"; };
/* End PBXFileReference section */

/* Begin PBXFrameworksBuildPhase section */
		607FACCD1AFB9204008FA782 /* Frameworks */ = {
			isa = PBXFrameworksBuildPhase;
			buildActionMask = 2147483647;
			files = (
				36ADE5ADE90CB24F23D9B8B5 /* Pods_RxNetworks_Example.framework in Frameworks */,
			);
			runOnlyForDeploymentPostprocessing = 0;
		};
/* End PBXFrameworksBuildPhase section */

/* Begin PBXGroup section */
		04233501278E61DE00547494 /* Cache */ = {
			isa = PBXGroup;
			children = (
				871E4E0B2A0CCB760061BE14 /* AMList.json */,
				04233504278E61DE00547494 /* CacheAPI.swift */,
				04233505278E61DE00547494 /* CacheModel.swift */,
				04233503278E61DE00547494 /* CacheViewController.swift */,
				04233502278E61DE00547494 /* CacheViewModel.swift */,
			);
			name = Cache;
			path = Modules/Cache;
			sourceTree = "<group>";
		};
		04233506278E61DE00547494 /* Loading */ = {
			isa = PBXGroup;
			children = (
				04233507278E61DE00547494 /* LoadingAPI.swift */,
				87EDFCD32B4F8292005F3756 /* LoadingModel.swift */,
				04233509278E61DE00547494 /* LoadingViewController.swift */,
				04233508278E61DE00547494 /* LoadingViewModel.swift */,
			);
			name = Loading;
			path = Modules/Loading;
			sourceTree = "<group>";
		};
		0423350A278E61DE00547494 /* OO */ = {
			isa = PBXGroup;
			children = (
				0423350C278E61DE00547494 /* OOViewController.swift */,
				0423350B278E61DE00547494 /* OOViewModel.swift */,
			);
			name = OO;
			path = Modules/OO;
			sourceTree = "<group>";
		};
		0442C89B2791E9E500AB04DB /* Chain */ = {
			isa = PBXGroup;
			children = (
				0442C89E2791E9E500AB04DB /* ChainAPI.swift */,
				0442C89D2791E9E500AB04DB /* ChainViewController.swift */,
				0442C89C2791E9E500AB04DB /* ChainViewModel.swift */,
			);
			name = Chain;
			path = Modules/Chain;
			sourceTree = "<group>";
		};
		04BB29B0279911DC0056F94A /* Warning */ = {
			isa = PBXGroup;
			children = (
				04BB29B1279911DC0056F94A /* WarningAPI.swift */,
				04BB29B3279911DD0056F94A /* WarningViewController.swift */,
				04BB29B2279911DC0056F94A /* WarningViewModel.swift */,
			);
			name = Warning;
			path = RxNetworks/Modules/Warning;
			sourceTree = SOURCE_ROOT;
		};
		04C04F2C2792A69400E85B6B /* Batch */ = {
			isa = PBXGroup;
			children = (
				04C04F2D2792A69400E85B6B /* BatchAPI.swift */,
				04C04F2E2792A69400E85B6B /* BatchViewController.swift */,
				04C04F2F2792A69400E85B6B /* BatchViewModel.swift */,
			);
			name = Batch;
			path = Modules/Batch;
			sourceTree = "<group>";
		};
		04C053FD278D5705008BCC42 /* Resources */ = {
			isa = PBXGroup;
			children = (
				874BB9CF2A121BA000C9DA33 /* UserDefaults.swift */,
				876E046629EE35F500A7CF1C /* testLoading.json */,
				6817A39527A022AC0034F283 /* Color.xcassets */,
				607FACDC1AFB9204008FA782 /* Images.xcassets */,
				607FACDE1AFB9204008FA782 /* LaunchScreen.xib */,
				607FACD91AFB9204008FA782 /* Main.storyboard */,
				87E9B23E2B70B3D100B0012C /* Booming.podspec */,
				87E9B23D2B70B3D100B0012C /* RxNetworks.podspec */,
				04233518278E620D00547494 /* README_CN.md */,
				0423351A278E622400547494 /* README.md */,
				872C0DBB2AB3052200D17DA8 /* CODE_OF_CONDUCT.md */,
			);
			name = Resources;
			sourceTree = "<group>";
		};
		04C053FE278D5D07008BCC42 /* Modules */ = {
			isa = PBXGroup;
			children = (
				8707F02829EE8FC70060C94B /* AnimatedLoading */,
				04C04F2C2792A69400E85B6B /* Batch */,
				04233501278E61DE00547494 /* Cache */,
				0442C89B2791E9E500AB04DB /* Chain */,
				87124A822A13243C0049CAC6 /* Closure */,
				873B1F862C09AA1C00812279 /* Codable */,
				8731BD8E2AE119580088DDCC /* Download */,
				04F0A883279A465C008534D8 /* GZip */,
				04233506278E61DE00547494 /* Loading */,
				0423350A278E61DE00547494 /* OO */,
				871870A12A4C17A0008FFE6B /* Shared */,
				87124A892A1324470049CAC6 /* Token */,
				04BB29B0279911DC0056F94A /* Warning */,
			);
			name = Modules;
			sourceTree = "<group>";
		};
		04F0A883279A465C008534D8 /* GZip */ = {
			isa = PBXGroup;
			children = (
				04F0A886279A465C008534D8 /* GZipAPI.swift */,
				04F0A885279A465C008534D8 /* GZipViewController.swift */,
				04F0A884279A465C008534D8 /* GZipViewModel.swift */,
			);
			name = GZip;
			path = Modules/GZip;
			sourceTree = "<group>";
		};
		42264D3C2B56DE620044051D /* OAuth */ = {
			isa = PBXGroup;
			children = (
				42264D3D2B56DE620044051D /* OAuthentication.swift */,
				42264D3E2B56DE620044051D /* OAuthenticator.swift */,
			);
			path = OAuth;
			sourceTree = "<group>";
		};
		52E8D0F8A548010FC369397B /* Pods */ = {
			isa = PBXGroup;
			children = (
				F6BA526A7FB7A026947C70BB /* Pods-RxNetworks_Example.debug.xcconfig */,
				728016062553DB205A17A393 /* Pods-RxNetworks_Example.release.xcconfig */,
			);
			path = Pods;
			sourceTree = "<group>";
		};
		607FACC71AFB9204008FA782 = {
			isa = PBXGroup;
			children = (
				607FACD21AFB9204008FA782 /* RxNetworks */,
				607FACD11AFB9204008FA782 /* Products */,
				52E8D0F8A548010FC369397B /* Pods */,
				E129E8638C1FF7EC7778E501 /* Frameworks */,
			);
			sourceTree = "<group>";
		};
		607FACD11AFB9204008FA782 /* Products */ = {
			isa = PBXGroup;
			children = (
				607FACD01AFB9204008FA782 /* RxNetworks_Example.app */,
			);
			name = Products;
			sourceTree = "<group>";
		};
		607FACD21AFB9204008FA782 /* RxNetworks */ = {
			isa = PBXGroup;
			children = (
				607FACD51AFB9204008FA782 /* AppDelegate.swift */,
				04C0541F278D6A49008BCC42 /* BaseViewController.swift */,
				607FACD71AFB9204008FA782 /* HomeViewController.swift */,
				04C05416278D66F0008BCC42 /* HomeViewModel.swift */,
				04C053FE278D5D07008BCC42 /* Modules */,
				8759D02728B328E500C22107 /* Plugins */,
				04C053FD278D5705008BCC42 /* Resources */,
				607FACD31AFB9204008FA782 /* Supporting Files */,
			);
			path = RxNetworks;
			sourceTree = "<group>";
		};
		607FACD31AFB9204008FA782 /* Supporting Files */ = {
			isa = PBXGroup;
			children = (
				607FACD41AFB9204008FA782 /* Info.plist */,
			);
			name = "Supporting Files";
			sourceTree = "<group>";
		};
		8707F02829EE8FC70060C94B /* AnimatedLoading */ = {
			isa = PBXGroup;
			children = (
				8707F02A29EE8FC70060C94B /* AnimatedLoadingAPI.swift */,
				8707F02929EE8FC70060C94B /* AnimatedLoadingViewController.swift */,
				8707F02B29EE8FC70060C94B /* AnimatedLoadingViewModel.swift */,
			);
			name = AnimatedLoading;
			path = Modules/AnimatedLoading;
			sourceTree = "<group>";
		};
		87124A822A13243C0049CAC6 /* Closure */ = {
			isa = PBXGroup;
			children = (
				87124A852A13243C0049CAC6 /* ClosureAPI.swift */,
				87124A832A13243C0049CAC6 /* ClosureViewController.swift */,
				87124A842A13243C0049CAC6 /* ClosureViewModel.swift */,
			);
			name = Closure;
			path = Modules/Closure;
			sourceTree = "<group>";
		};
		87124A892A1324470049CAC6 /* Token */ = {
			isa = PBXGroup;
			children = (
				87124A8C2A1324470049CAC6 /* TokenAPI.swift */,
				87124A8B2A1324470049CAC6 /* TokenViewController.swift */,
				87124A8A2A1324470049CAC6 /* TokenViewModel.swift */,
			);
			name = Token;
			path = Modules/Token;
			sourceTree = "<group>";
		};
		871870A12A4C17A0008FFE6B /* Shared */ = {
			isa = PBXGroup;
			children = (
				871870A42A4C17A0008FFE6B /* SharedAPI.swift */,
				871870A22A4C17A0008FFE6B /* SharedViewController.swift */,
				871870A32A4C17A0008FFE6B /* SharedViewModel.swift */,
			);
			name = Shared;
			path = Modules/Shared;
			sourceTree = "<group>";
		};
		8731BD8E2AE119580088DDCC /* Download */ = {
			isa = PBXGroup;
			children = (
				8731BD912AE119580088DDCC /* DownloadAPI.swift */,
				8731BD8F2AE119580088DDCC /* DownloadViewController.swift */,
				8731BD902AE119580088DDCC /* DownloadViewModel.swift */,
			);
			name = Download;
			path = Modules/Download;
			sourceTree = "<group>";
		};
		873B1F862C09AA1C00812279 /* Codable */ = {
			isa = PBXGroup;
			children = (
				873B1F812C09AA1C00812279 /* Codable.json */,
				873B1F822C09AA1C00812279 /* CodableAPI.swift */,
				873B1F832C09AA1C00812279 /* CodableViewController.swift */,
				873B1F842C09AA1C00812279 /* CodableViewModel.swift */,
				873B1F852C09AA1C00812279 /* CodeableModel.swift */,
			);
			name = Codable;
			path = Modules/Codable;
			sourceTree = "<group>";
		};
		874BB9CC2A121A0C00C9DA33 /* Token */ = {
			isa = PBXGroup;
			children = (
				874BB9CD2A121A2700C9DA33 /* TokenPlugin.swift */,
			);
			path = Token;
			sourceTree = "<group>";
		};
		8759D02728B328E500C22107 /* Plugins */ = {
			isa = PBXGroup;
			children = (
				42264D3C2B56DE620044051D /* OAuth */,
				8759D02828B328E500C22107 /* Auth */,
				874BB9CC2A121A0C00C9DA33 /* Token */,
			);
			path = Plugins;
			sourceTree = "<group>";
		};
		8759D02828B328E500C22107 /* Auth */ = {
			isa = PBXGroup;
			children = (
				8759D02928B328E500C22107 /* AuthPlugin.swift */,
			);
			path = Auth;
			sourceTree = "<group>";
		};
		E129E8638C1FF7EC7778E501 /* Frameworks */ = {
			isa = PBXGroup;
			children = (
				98F08FBE2C4FF0E3FC645118 /* Pods_RxNetworks_Example.framework */,
			);
			name = Frameworks;
			sourceTree = "<group>";
		};
/* End PBXGroup section */

/* Begin PBXNativeTarget section */
		607FACCF1AFB9204008FA782 /* RxNetworks_Example */ = {
			isa = PBXNativeTarget;
			buildConfigurationList = 607FACEF1AFB9204008FA782 /* Build configuration list for PBXNativeTarget "RxNetworks_Example" */;
			buildPhases = (
				50B439357855A8158D9639A4 /* [CP] Check Pods Manifest.lock */,
				607FACCC1AFB9204008FA782 /* Sources */,
				607FACCD1AFB9204008FA782 /* Frameworks */,
				607FACCE1AFB9204008FA782 /* Resources */,
				AE397FBC5A7908294390B3D7 /* [CP] Embed Pods Frameworks */,
			);
			buildRules = (
			);
			dependencies = (
			);
			name = RxNetworks_Example;
			productName = RxNetworks;
			productReference = 607FACD01AFB9204008FA782 /* RxNetworks_Example.app */;
			productType = "com.apple.product-type.application";
		};
/* End PBXNativeTarget section */

/* Begin PBXProject section */
		607FACC81AFB9204008FA782 /* Project object */ = {
			isa = PBXProject;
			attributes = {
				LastSwiftUpdateCheck = 0830;
				LastUpgradeCheck = 0830;
				ORGANIZATIONNAME = CocoaPods;
				TargetAttributes = {
					607FACCF1AFB9204008FA782 = {
						CreatedOnToolsVersion = 6.3.1;
						DevelopmentTeam = AAHMKJNWLX;
						LastSwiftMigration = 0900;
					};
				};
			};
			buildConfigurationList = 607FACCB1AFB9204008FA782 /* Build configuration list for PBXProject "RxNetworks" */;
			compatibilityVersion = "Xcode 3.2";
			developmentRegion = English;
			hasScannedForEncodings = 0;
			knownRegions = (
				English,
				en,
				Base,
			);
			mainGroup = 607FACC71AFB9204008FA782;
			productRefGroup = 607FACD11AFB9204008FA782 /* Products */;
			projectDirPath = "";
			projectRoot = "";
			targets = (
				607FACCF1AFB9204008FA782 /* RxNetworks_Example */,
			);
		};
/* End PBXProject section */

/* Begin PBXResourcesBuildPhase section */
		607FACCE1AFB9204008FA782 /* Resources */ = {
			isa = PBXResourcesBuildPhase;
			buildActionMask = 2147483647;
			files = (
				607FACDB1AFB9204008FA782 /* Main.storyboard in Resources */,
				87E9B2402B70B3D100B0012C /* Booming.podspec in Resources */,
				87E9B23F2B70B3D100B0012C /* RxNetworks.podspec in Resources */,
				872C0DBC2AB3052200D17DA8 /* CODE_OF_CONDUCT.md in Resources */,
				04233519278E620D00547494 /* README_CN.md in Resources */,
				871E4E0C2A0CCB760061BE14 /* AMList.json in Resources */,
				0423351B278E622400547494 /* README.md in Resources */,
				607FACE01AFB9204008FA782 /* LaunchScreen.xib in Resources */,
				876E046729EE35F500A7CF1C /* testLoading.json in Resources */,
				607FACDD1AFB9204008FA782 /* Images.xcassets in Resources */,
				873B1F872C09AA1C00812279 /* Codable.json in Resources */,
				6817A39627A022AC0034F283 /* Color.xcassets in Resources */,
			);
			runOnlyForDeploymentPostprocessing = 0;
		};
/* End PBXResourcesBuildPhase section */

/* Begin PBXShellScriptBuildPhase section */
		50B439357855A8158D9639A4 /* [CP] Check Pods Manifest.lock */ = {
			isa = PBXShellScriptBuildPhase;
			buildActionMask = 2147483647;
			files = (
			);
			inputFileListPaths = (
			);
			inputPaths = (
				"${PODS_PODFILE_DIR_PATH}/Podfile.lock",
				"${PODS_ROOT}/Manifest.lock",
			);
			name = "[CP] Check Pods Manifest.lock";
			outputFileListPaths = (
			);
			outputPaths = (
				"$(DERIVED_FILE_DIR)/Pods-RxNetworks_Example-checkManifestLockResult.txt",
			);
			runOnlyForDeploymentPostprocessing = 0;
			shellPath = /bin/sh;
			shellScript = "diff \"${PODS_PODFILE_DIR_PATH}/Podfile.lock\" \"${PODS_ROOT}/Manifest.lock\" > /dev/null\nif [ $? != 0 ] ; then\n    # print error to STDERR\n    echo \"error: The sandbox is not in sync with the Podfile.lock. Run 'pod install' or update your CocoaPods installation.\" >&2\n    exit 1\nfi\n# This output is used by Xcode 'outputs' to avoid re-running this script phase.\necho \"SUCCESS\" > \"${SCRIPT_OUTPUT_FILE_0}\"\n";
			showEnvVarsInLog = 0;
		};
		AE397FBC5A7908294390B3D7 /* [CP] Embed Pods Frameworks */ = {
			isa = PBXShellScriptBuildPhase;
			buildActionMask = 2147483647;
			files = (
			);
			inputPaths = (
				"${PODS_ROOT}/Target Support Files/Pods-RxNetworks_Example/Pods-RxNetworks_Example-frameworks.sh",
				"${BUILT_PRODUCTS_DIR}/Alamofire/Alamofire.framework",
				"${BUILT_PRODUCTS_DIR}/HandyJSON/HandyJSON.framework",
				"${BUILT_PRODUCTS_DIR}/MBProgressHUD/MBProgressHUD.framework",
				"${BUILT_PRODUCTS_DIR}/Moya/Moya.framework",
				"${BUILT_PRODUCTS_DIR}/RxCocoa/RxCocoa.framework",
				"${BUILT_PRODUCTS_DIR}/RxRelay/RxRelay.framework",
				"${BUILT_PRODUCTS_DIR}/RxSwift/RxSwift.framework",
				"${BUILT_PRODUCTS_DIR}/lottie-ios/Lottie.framework",
			);
			name = "[CP] Embed Pods Frameworks";
			outputPaths = (
				"${TARGET_BUILD_DIR}/${FRAMEWORKS_FOLDER_PATH}/Alamofire.framework",
				"${TARGET_BUILD_DIR}/${FRAMEWORKS_FOLDER_PATH}/HandyJSON.framework",
				"${TARGET_BUILD_DIR}/${FRAMEWORKS_FOLDER_PATH}/MBProgressHUD.framework",
				"${TARGET_BUILD_DIR}/${FRAMEWORKS_FOLDER_PATH}/Moya.framework",
				"${TARGET_BUILD_DIR}/${FRAMEWORKS_FOLDER_PATH}/RxCocoa.framework",
				"${TARGET_BUILD_DIR}/${FRAMEWORKS_FOLDER_PATH}/RxRelay.framework",
				"${TARGET_BUILD_DIR}/${FRAMEWORKS_FOLDER_PATH}/RxSwift.framework",
				"${TARGET_BUILD_DIR}/${FRAMEWORKS_FOLDER_PATH}/Lottie.framework",
			);
			runOnlyForDeploymentPostprocessing = 0;
			shellPath = /bin/sh;
			shellScript = "\"${PODS_ROOT}/Target Support Files/Pods-RxNetworks_Example/Pods-RxNetworks_Example-frameworks.sh\"\n";
			showEnvVarsInLog = 0;
		};
/* End PBXShellScriptBuildPhase section */

/* Begin PBXSourcesBuildPhase section */
		607FACCC1AFB9204008FA782 /* Sources */ = {
			isa = PBXSourcesBuildPhase;
			buildActionMask = 2147483647;
			files = (
				87124A8E2A1324470049CAC6 /* TokenViewController.swift in Sources */,
				04233512278E61DE00547494 /* LoadingAPI.swift in Sources */,
				8731BD932AE119580088DDCC /* DownloadViewModel.swift in Sources */,
				04233511278E61DE00547494 /* CacheModel.swift in Sources */,
				04F0A887279A465C008534D8 /* GZipViewModel.swift in Sources */,
				873B1F8A2C09AA1C00812279 /* CodableViewModel.swift in Sources */,
				607FACD81AFB9204008FA782 /* HomeViewController.swift in Sources */,
				8731BD942AE119580088DDCC /* DownloadAPI.swift in Sources */,
				04F0A888279A465C008534D8 /* GZipViewController.swift in Sources */,
				8707F02E29EE8FC80060C94B /* AnimatedLoadingViewModel.swift in Sources */,
				8759D02A28B328E500C22107 /* AuthPlugin.swift in Sources */,
				04F0A889279A465C008534D8 /* GZipAPI.swift in Sources */,
				87124A882A13243C0049CAC6 /* ClosureAPI.swift in Sources */,
				04C04F312792A69400E85B6B /* BatchViewController.swift in Sources */,
				0423350F278E61DE00547494 /* CacheViewController.swift in Sources */,
				0442C8A02791E9E500AB04DB /* ChainViewController.swift in Sources */,
				42264D3F2B56DE620044051D /* OAuthentication.swift in Sources */,
				04C04F322792A69400E85B6B /* BatchViewModel.swift in Sources */,
				87EDFCD42B4F8292005F3756 /* LoadingModel.swift in Sources */,
				04233515278E61DE00547494 /* OOViewModel.swift in Sources */,
				871870A52A4C17A0008FFE6B /* SharedViewController.swift in Sources */,
				87124A8D2A1324470049CAC6 /* TokenViewModel.swift in Sources */,
				874BB9CE2A121A2700C9DA33 /* TokenPlugin.swift in Sources */,
				873B1F8B2C09AA1C00812279 /* CodeableModel.swift in Sources */,
				0442C8A12791E9E500AB04DB /* ChainAPI.swift in Sources */,
				42264D402B56DE620044051D /* OAuthenticator.swift in Sources */,
				04C05420278D6A49008BCC42 /* BaseViewController.swift in Sources */,
				87124A872A13243C0049CAC6 /* ClosureViewModel.swift in Sources */,
				8707F02C29EE8FC80060C94B /* AnimatedLoadingViewController.swift in Sources */,
				0423350E278E61DE00547494 /* CacheViewModel.swift in Sources */,
				87124A862A13243C0049CAC6 /* ClosureViewController.swift in Sources */,
				874BB9D02A121BA000C9DA33 /* UserDefaults.swift in Sources */,
				87124A8F2A1324470049CAC6 /* TokenAPI.swift in Sources */,
				873B1F892C09AA1C00812279 /* CodableViewController.swift in Sources */,
				04C05417278D66F0008BCC42 /* HomeViewModel.swift in Sources */,
				871870A72A4C17A0008FFE6B /* SharedAPI.swift in Sources */,
				0442C89F2791E9E500AB04DB /* ChainViewModel.swift in Sources */,
				8707F02D29EE8FC80060C94B /* AnimatedLoadingAPI.swift in Sources */,
				04BB29B6279911DD0056F94A /* WarningViewController.swift in Sources */,
				04233513278E61DE00547494 /* LoadingViewModel.swift in Sources */,
				871870A62A4C17A0008FFE6B /* SharedViewModel.swift in Sources */,
				04233516278E61DE00547494 /* OOViewController.swift in Sources */,
				04233514278E61DE00547494 /* LoadingViewController.swift in Sources */,
				04C04F302792A69400E85B6B /* BatchAPI.swift in Sources */,
				04233510278E61DE00547494 /* CacheAPI.swift in Sources */,
				04BB29B5279911DD0056F94A /* WarningViewModel.swift in Sources */,
				8731BD922AE119580088DDCC /* DownloadViewController.swift in Sources */,
				607FACD61AFB9204008FA782 /* AppDelegate.swift in Sources */,
				873B1F882C09AA1C00812279 /* CodableAPI.swift in Sources */,
				04BB29B4279911DD0056F94A /* WarningAPI.swift in Sources */,
			);
			runOnlyForDeploymentPostprocessing = 0;
		};
/* End PBXSourcesBuildPhase section */

/* Begin PBXVariantGroup section */
		607FACD91AFB9204008FA782 /* Main.storyboard */ = {
			isa = PBXVariantGroup;
			children = (
				607FACDA1AFB9204008FA782 /* Base */,
			);
			name = Main.storyboard;
			sourceTree = "<group>";
		};
		607FACDE1AFB9204008FA782 /* LaunchScreen.xib */ = {
			isa = PBXVariantGroup;
			children = (
				607FACDF1AFB9204008FA782 /* Base */,
			);
			name = LaunchScreen.xib;
			sourceTree = "<group>";
		};
/* End PBXVariantGroup section */

/* Begin XCBuildConfiguration section */
		607FACED1AFB9204008FA782 /* Debug */ = {
			isa = XCBuildConfiguration;
			buildSettings = {
				ALWAYS_SEARCH_USER_PATHS = NO;
				CLANG_CXX_LANGUAGE_STANDARD = "gnu++0x";
				CLANG_CXX_LIBRARY = "libc++";
				CLANG_ENABLE_MODULES = YES;
				CLANG_ENABLE_OBJC_ARC = YES;
				CLANG_WARN_BLOCK_CAPTURE_AUTORELEASING = YES;
				CLANG_WARN_BOOL_CONVERSION = YES;
				CLANG_WARN_COMMA = YES;
				CLANG_WARN_CONSTANT_CONVERSION = YES;
				CLANG_WARN_DIRECT_OBJC_ISA_USAGE = YES_ERROR;
				CLANG_WARN_EMPTY_BODY = YES;
				CLANG_WARN_ENUM_CONVERSION = YES;
				CLANG_WARN_INFINITE_RECURSION = YES;
				CLANG_WARN_INT_CONVERSION = YES;
				CLANG_WARN_NON_LITERAL_NULL_CONVERSION = YES;
				CLANG_WARN_OBJC_LITERAL_CONVERSION = YES;
				CLANG_WARN_OBJC_ROOT_CLASS = YES_ERROR;
				CLANG_WARN_RANGE_LOOP_ANALYSIS = YES;
				CLANG_WARN_STRICT_PROTOTYPES = YES;
				CLANG_WARN_SUSPICIOUS_MOVE = YES;
				CLANG_WARN_UNREACHABLE_CODE = YES;
				CLANG_WARN__DUPLICATE_METHOD_MATCH = YES;
				"CODE_SIGN_IDENTITY[sdk=iphoneos*]" = "iPhone Developer";
				COPY_PHASE_STRIP = NO;
				DEBUG_INFORMATION_FORMAT = "dwarf-with-dsym";
				ENABLE_STRICT_OBJC_MSGSEND = YES;
				ENABLE_TESTABILITY = YES;
				GCC_C_LANGUAGE_STANDARD = gnu99;
				GCC_DYNAMIC_NO_PIC = NO;
				GCC_NO_COMMON_BLOCKS = YES;
				GCC_OPTIMIZATION_LEVEL = 0;
				GCC_PREPROCESSOR_DEFINITIONS = (
					"DEBUG=1",
					"$(inherited)",
				);
				GCC_SYMBOLS_PRIVATE_EXTERN = NO;
				GCC_WARN_64_TO_32_BIT_CONVERSION = YES;
				GCC_WARN_ABOUT_RETURN_TYPE = YES_ERROR;
				GCC_WARN_UNDECLARED_SELECTOR = YES;
				GCC_WARN_UNINITIALIZED_AUTOS = YES_AGGRESSIVE;
				GCC_WARN_UNUSED_FUNCTION = YES;
				GCC_WARN_UNUSED_VARIABLE = YES;
				IPHONEOS_DEPLOYMENT_TARGET = 9.3;
				MTL_ENABLE_DEBUG_INFO = YES;
				ONLY_ACTIVE_ARCH = YES;
				SDKROOT = iphoneos;
				SWIFT_OPTIMIZATION_LEVEL = "-Onone";
			};
			name = Debug;
		};
		607FACEE1AFB9204008FA782 /* Release */ = {
			isa = XCBuildConfiguration;
			buildSettings = {
				ALWAYS_SEARCH_USER_PATHS = NO;
				CLANG_CXX_LANGUAGE_STANDARD = "gnu++0x";
				CLANG_CXX_LIBRARY = "libc++";
				CLANG_ENABLE_MODULES = YES;
				CLANG_ENABLE_OBJC_ARC = YES;
				CLANG_WARN_BLOCK_CAPTURE_AUTORELEASING = YES;
				CLANG_WARN_BOOL_CONVERSION = YES;
				CLANG_WARN_COMMA = YES;
				CLANG_WARN_CONSTANT_CONVERSION = YES;
				CLANG_WARN_DIRECT_OBJC_ISA_USAGE = YES_ERROR;
				CLANG_WARN_EMPTY_BODY = YES;
				CLANG_WARN_ENUM_CONVERSION = YES;
				CLANG_WARN_INFINITE_RECURSION = YES;
				CLANG_WARN_INT_CONVERSION = YES;
				CLANG_WARN_NON_LITERAL_NULL_CONVERSION = YES;
				CLANG_WARN_OBJC_LITERAL_CONVERSION = YES;
				CLANG_WARN_OBJC_ROOT_CLASS = YES_ERROR;
				CLANG_WARN_RANGE_LOOP_ANALYSIS = YES;
				CLANG_WARN_STRICT_PROTOTYPES = YES;
				CLANG_WARN_SUSPICIOUS_MOVE = YES;
				CLANG_WARN_UNREACHABLE_CODE = YES;
				CLANG_WARN__DUPLICATE_METHOD_MATCH = YES;
				"CODE_SIGN_IDENTITY[sdk=iphoneos*]" = "iPhone Developer";
				COPY_PHASE_STRIP = NO;
				DEBUG_INFORMATION_FORMAT = "dwarf-with-dsym";
				ENABLE_NS_ASSERTIONS = NO;
				ENABLE_STRICT_OBJC_MSGSEND = YES;
				GCC_C_LANGUAGE_STANDARD = gnu99;
				GCC_NO_COMMON_BLOCKS = YES;
				GCC_WARN_64_TO_32_BIT_CONVERSION = YES;
				GCC_WARN_ABOUT_RETURN_TYPE = YES_ERROR;
				GCC_WARN_UNDECLARED_SELECTOR = YES;
				GCC_WARN_UNINITIALIZED_AUTOS = YES_AGGRESSIVE;
				GCC_WARN_UNUSED_FUNCTION = YES;
				GCC_WARN_UNUSED_VARIABLE = YES;
				IPHONEOS_DEPLOYMENT_TARGET = 9.3;
				MTL_ENABLE_DEBUG_INFO = NO;
				SDKROOT = iphoneos;
				SWIFT_OPTIMIZATION_LEVEL = "-Owholemodule";
				VALIDATE_PRODUCT = YES;
			};
			name = Release;
		};
		607FACF01AFB9204008FA782 /* Debug */ = {
			isa = XCBuildConfiguration;
			baseConfigurationReference = F6BA526A7FB7A026947C70BB /* Pods-RxNetworks_Example.debug.xcconfig */;
			buildSettings = {
				ASSETCATALOG_COMPILER_APPICON_NAME = AppIcon;
				DEVELOPMENT_TEAM = AAHMKJNWLX;
				INFOPLIST_FILE = RxNetworks/Info.plist;
				IPHONEOS_DEPLOYMENT_TARGET = 13.0;
				LD_RUNPATH_SEARCH_PATHS = "$(inherited) @executable_path/Frameworks";
				MODULE_NAME = ExampleApp;
				PRODUCT_BUNDLE_IDENTIFIER = condy.network.001;
				PRODUCT_NAME = "$(TARGET_NAME)";
				SWIFT_ACTIVE_COMPILATION_CONDITIONS = DEBUG;
				SWIFT_SWIFT3_OBJC_INFERENCE = Default;
				SWIFT_VERSION = 5.0;
			};
			name = Debug;
		};
		607FACF11AFB9204008FA782 /* Release */ = {
			isa = XCBuildConfiguration;
			baseConfigurationReference = 728016062553DB205A17A393 /* Pods-RxNetworks_Example.release.xcconfig */;
			buildSettings = {
				ASSETCATALOG_COMPILER_APPICON_NAME = AppIcon;
				DEVELOPMENT_TEAM = AAHMKJNWLX;
				INFOPLIST_FILE = RxNetworks/Info.plist;
				IPHONEOS_DEPLOYMENT_TARGET = 13.0;
				LD_RUNPATH_SEARCH_PATHS = "$(inherited) @executable_path/Frameworks";
				MODULE_NAME = ExampleApp;
				PRODUCT_BUNDLE_IDENTIFIER = condy.network.001;
				PRODUCT_NAME = "$(TARGET_NAME)";
				SWIFT_SWIFT3_OBJC_INFERENCE = Default;
				SWIFT_VERSION = 5.0;
			};
			name = Release;
		};
/* End XCBuildConfiguration section */

/* Begin XCConfigurationList section */
		607FACCB1AFB9204008FA782 /* Build configuration list for PBXProject "RxNetworks" */ = {
			isa = XCConfigurationList;
			buildConfigurations = (
				607FACED1AFB9204008FA782 /* Debug */,
				607FACEE1AFB9204008FA782 /* Release */,
			);
			defaultConfigurationIsVisible = 0;
			defaultConfigurationName = Release;
		};
		607FACEF1AFB9204008FA782 /* Build configuration list for PBXNativeTarget "RxNetworks_Example" */ = {
			isa = XCConfigurationList;
			buildConfigurations = (
				607FACF01AFB9204008FA782 /* Debug */,
				607FACF11AFB9204008FA782 /* Release */,
			);
			defaultConfigurationIsVisible = 0;
			defaultConfigurationName = Release;
		};
/* End XCConfigurationList section */
	};
	rootObject = 607FACC81AFB9204008FA782 /* Project object */;
}
